# This file is automatically @generated by Cargo.
# It is not intended for manual editing.
version = 3

[[package]]
name = "rlox-cli"
version = "0.1.0"
dependencies = [
 "rlox-contract",
 "rlox-parser",
 "rlox-scanner",
]

[[package]]
name = "rlox-contract"
version = "0.1.0"

[[package]]
name = "rlox-parser"
version = "0.1.0"
dependencies = [
 "rlox-contract",
]

[[package]]
name = "rlox-scanner"
version = "0.1.0"
dependencies = [
 "rlox-contract",
]
